
Microsoft Visual Studio Solution File, Format Version 12.00
Project("{FAE04EC0-301F-11D3-BF4B-00C04F79EFBC}") = "Database", "Database\Database.csproj", "{113D5AE2-CE11-49FE-AE82-796C2EF9403D}"
EndProject
Project("{FAE04EC0-301F-11D3-BF4B-00C04F79EFBC}") = "TestsDBClasses", "TestsDBClasses\TestsDBClasses.csproj", "{9AEDC4C7-F657-4881-8CDC-E0EFEA7C695D}"
EndProject
Project("{FAE04EC0-301F-11D3-BF4B-00C04F79EFBC}") = "Api", "Api\Api.csproj", "{5F399308-0BFC-4F54-BF24-6D100C3362A2}"
EndProject
Global
	GlobalSection(SolutionConfigurationPlatforms) = preSolution
		Debug|Any CPU = Debug|Any CPU
		Release|Any CPU = Release|Any CPU
	EndGlobalSection
	GlobalSection(ProjectConfigurationPlatforms) = postSolution
		{113D5AE2-CE11-49FE-AE82-796C2EF9403D}.Debug|Any CPU.ActiveCfg = Debug|Any CPU
		{113D5AE2-CE11-49FE-AE82-796C2EF9403D}.Debug|Any CPU.Build.0 = Debug|Any CPU
		{113D5AE2-CE11-49FE-AE82-796C2EF9403D}.Release|Any CPU.ActiveCfg = Release|Any CPU
		{113D5AE2-CE11-49FE-AE82-796C2EF9403D}.Release|Any CPU.Build.0 = Release|Any CPU
		{9AEDC4C7-F657-4881-8CDC-E0EFEA7C695D}.Debug|Any CPU.ActiveCfg = Debug|Any CPU
		{9AEDC4C7-F657-4881-8CDC-E0EFEA7C695D}.Debug|Any CPU.Build.0 = Debug|Any CPU
		{9AEDC4C7-F657-4881-8CDC-E0EFEA7C695D}.Release|Any CPU.ActiveCfg = Release|Any CPU
		{9AEDC4C7-F657-4881-8CDC-E0EFEA7C695D}.Release|Any CPU.Build.0 = Release|Any CPU
		{5F399308-0BFC-4F54-BF24-6D100C3362A2}.Debug|Any CPU.ActiveCfg = Debug|Any CPU
		{5F399308-0BFC-4F54-BF24-6D100C3362A2}.Debug|Any CPU.Build.0 = Debug|Any CPU
		{5F399308-0BFC-4F54-BF24-6D100C3362A2}.Release|Any CPU.ActiveCfg = Release|Any CPU
		{5F399308-0BFC-4F54-BF24-6D100C3362A2}.Release|Any CPU.Build.0 = Release|Any CPU
	EndGlobalSection
EndGlobal
